
Microsoft Visual Studio Solution File, Format Version 12.00
# Visual Studio 15
VisualStudioVersion = 15.0.27130.2020
MinimumVisualStudioVersion = 10.0.40219.1
Project("{FAE04EC0-301F-11D3-BF4B-00C04F79EFBC}") = "DAL", "DAL\DAL.csproj", "{6E92DC0F-19D7-4F1E-98DA-C16C63803589}"
EndProject
Project("{FAE04EC0-301F-11D3-BF4B-00C04F79EFBC}") = "BLL", "BLL\BLL.csproj", "{6F01A1D9-3575-4252-B4B2-9E5072C4EBE4}"
EndProject
Project("{FAE04EC0-301F-11D3-BF4B-00C04F79EFBC}") = "WcfOrganizer", "WcfService\WcfOrganizer.csproj", "{71FDA79C-4CC6-47FB-890F-BCC352A9CDCB}"
EndProject
Global
	GlobalSection(SolutionConfigurationPlatforms) = preSolution
		Debug|Any CPU = Debug|Any CPU
		Release|Any CPU = Release|Any CPU
	EndGlobalSection
	GlobalSection(ProjectConfigurationPlatforms) = postSolution
		{6E92DC0F-19D7-4F1E-98DA-C16C63803589}.Debug|Any CPU.ActiveCfg = Debug|Any CPU
		{6E92DC0F-19D7-4F1E-98DA-C16C63803589}.Debug|Any CPU.Build.0 = Debug|Any CPU
		{6E92DC0F-19D7-4F1E-98DA-C16C63803589}.Release|Any CPU.ActiveCfg = Release|Any CPU
		{6E92DC0F-19D7-4F1E-98DA-C16C63803589}.Release|Any CPU.Build.0 = Release|Any CPU
		{6F01A1D9-3575-4252-B4B2-9E5072C4EBE4}.Debug|Any CPU.ActiveCfg = Debug|Any CPU
		{6F01A1D9-3575-4252-B4B2-9E5072C4EBE4}.Debug|Any CPU.Build.0 = Debug|Any CPU
		{6F01A1D9-3575-4252-B4B2-9E5072C4EBE4}.Release|Any CPU.ActiveCfg = Release|Any CPU
		{6F01A1D9-3575-4252-B4B2-9E5072C4EBE4}.Release|Any CPU.Build.0 = Release|Any CPU
		{71FDA79C-4CC6-47FB-890F-BCC352A9CDCB}.Debug|Any CPU.ActiveCfg = Debug|Any CPU
		{71FDA79C-4CC6-47FB-890F-BCC352A9CDCB}.Debug|Any CPU.Build.0 = Debug|Any CPU
		{71FDA79C-4CC6-47FB-890F-BCC352A9CDCB}.Release|Any CPU.ActiveCfg = Release|Any CPU
		{71FDA79C-4CC6-47FB-890F-BCC352A9CDCB}.Release|Any CPU.Build.0 = Release|Any CPU
	EndGlobalSection
	GlobalSection(SolutionProperties) = preSolution
		HideSolutionNode = FALSE
	EndGlobalSection
	GlobalSection(ExtensibilityGlobals) = postSolution
		SolutionGuid = {2E5CA282-80FC-427E-92CE-089F38A5D743}
	EndGlobalSection
EndGlobal
